
Microsoft Visual Studio Solution File, Format Version 12.00
# Visual Studio Version 17
VisualStudioVersion = 17.1.32319.34
MinimumVisualStudioVersion = 10.0.40219.1
Project("{9A19103F-16F7-4668-BE54-9A1E7A4F7556}") = "GarmentFactoryView", "GarmentFactoryView\GarmentFactoryView.csproj", "{926A8EEE-375A-4339-9A54-0D1206DAF812}"
EndProject
Project("{9A19103F-16F7-4668-BE54-9A1E7A4F7556}") = "GarmentFactoryContracts", "GarmentFactoryContracts\GarmentFactoryContracts.csproj", "{48CCD075-BAC7-4E1D-B6E9-3607DAC4DF03}"
EndProject
Project("{9A19103F-16F7-4668-BE54-9A1E7A4F7556}") = "GarmentFactoryBusinessLogic", "GarmentFactoryBusinessLogic\GarmentFactoryBusinessLogic.csproj", "{F5849A62-D2D9-4CAA-ACB8-19F6EC8A62A0}"
EndProject
Project("{9A19103F-16F7-4668-BE54-9A1E7A4F7556}") = "GarmentFactoryListImplement", "GarmentFactoryListImplement\GarmentFactoryListImplement.csproj", "{9293EF20-231D-4FDB-BDEA-99BE069A52A6}"
EndProject
Project("{9A19103F-16F7-4668-BE54-9A1E7A4F7556}") = "GarmentFactoryFileImplement", "GarmentFactoryFileImplement\GarmentFactoryFileImplement.csproj", "{A445083B-217D-41E6-B6EC-CDF4260ED53D}"
EndProject
Project("{9A19103F-16F7-4668-BE54-9A1E7A4F7556}") = "GarmentFactoryDatabaseImplement", "GarmentFactoryDatabaseImplement\GarmentFactoryDatabaseImplement.csproj", "{B83AF5D8-AF8B-4FE4-8757-349497E9C100}"
EndProject
Project("{9A19103F-16F7-4668-BE54-9A1E7A4F7556}") = "GarmentFactoryRestApi", "GarmentFactoryRestApi\GarmentFactoryRestApi.csproj", "{4C7BA730-2BDF-44B3-8E2D-B528FB5163AD}"
	ProjectSection(ProjectDependencies) = postProject
		{48CCD075-BAC7-4E1D-B6E9-3607DAC4DF03} = {48CCD075-BAC7-4E1D-B6E9-3607DAC4DF03}
	EndProjectSection
EndProject
Project("{9A19103F-16F7-4668-BE54-9A1E7A4F7556}") = "GarmentFactoryClientApp", "GarmentFactoryClientApp\GarmentFactoryClientApp.csproj", "{DD06360B-75BF-47D7-B9EC-7424DA808688}"
<<<<<<< HEAD
EndProject
Project("{9A19103F-16F7-4668-BE54-9A1E7A4F7556}") = "GarmentFactoryWarehouseApp", "GarmentFactoryWarehouseApp\GarmentFactoryWarehouseApp.csproj", "{63AB69A1-59C1-487B-96DC-5D8C7AAC146C}"
=======
>>>>>>> 437d25adfc28b0c183891b2a0a3c0bc44cc6a67a
EndProject
Global
	GlobalSection(SolutionConfigurationPlatforms) = preSolution
		Debug|Any CPU = Debug|Any CPU
		Release|Any CPU = Release|Any CPU
	EndGlobalSection
	GlobalSection(ProjectConfigurationPlatforms) = postSolution
		{926A8EEE-375A-4339-9A54-0D1206DAF812}.Debug|Any CPU.ActiveCfg = Debug|Any CPU
		{926A8EEE-375A-4339-9A54-0D1206DAF812}.Debug|Any CPU.Build.0 = Debug|Any CPU
		{926A8EEE-375A-4339-9A54-0D1206DAF812}.Release|Any CPU.ActiveCfg = Release|Any CPU
		{926A8EEE-375A-4339-9A54-0D1206DAF812}.Release|Any CPU.Build.0 = Release|Any CPU
		{48CCD075-BAC7-4E1D-B6E9-3607DAC4DF03}.Debug|Any CPU.ActiveCfg = Debug|Any CPU
		{48CCD075-BAC7-4E1D-B6E9-3607DAC4DF03}.Debug|Any CPU.Build.0 = Debug|Any CPU
		{48CCD075-BAC7-4E1D-B6E9-3607DAC4DF03}.Release|Any CPU.ActiveCfg = Release|Any CPU
		{48CCD075-BAC7-4E1D-B6E9-3607DAC4DF03}.Release|Any CPU.Build.0 = Release|Any CPU
		{F5849A62-D2D9-4CAA-ACB8-19F6EC8A62A0}.Debug|Any CPU.ActiveCfg = Debug|Any CPU
		{F5849A62-D2D9-4CAA-ACB8-19F6EC8A62A0}.Debug|Any CPU.Build.0 = Debug|Any CPU
		{F5849A62-D2D9-4CAA-ACB8-19F6EC8A62A0}.Release|Any CPU.ActiveCfg = Release|Any CPU
		{F5849A62-D2D9-4CAA-ACB8-19F6EC8A62A0}.Release|Any CPU.Build.0 = Release|Any CPU
		{9293EF20-231D-4FDB-BDEA-99BE069A52A6}.Debug|Any CPU.ActiveCfg = Debug|Any CPU
		{9293EF20-231D-4FDB-BDEA-99BE069A52A6}.Debug|Any CPU.Build.0 = Debug|Any CPU
		{9293EF20-231D-4FDB-BDEA-99BE069A52A6}.Release|Any CPU.ActiveCfg = Release|Any CPU
		{9293EF20-231D-4FDB-BDEA-99BE069A52A6}.Release|Any CPU.Build.0 = Release|Any CPU
		{A445083B-217D-41E6-B6EC-CDF4260ED53D}.Debug|Any CPU.ActiveCfg = Debug|Any CPU
		{A445083B-217D-41E6-B6EC-CDF4260ED53D}.Debug|Any CPU.Build.0 = Debug|Any CPU
		{A445083B-217D-41E6-B6EC-CDF4260ED53D}.Release|Any CPU.ActiveCfg = Release|Any CPU
		{A445083B-217D-41E6-B6EC-CDF4260ED53D}.Release|Any CPU.Build.0 = Release|Any CPU
		{B83AF5D8-AF8B-4FE4-8757-349497E9C100}.Debug|Any CPU.ActiveCfg = Debug|Any CPU
		{B83AF5D8-AF8B-4FE4-8757-349497E9C100}.Debug|Any CPU.Build.0 = Debug|Any CPU
		{B83AF5D8-AF8B-4FE4-8757-349497E9C100}.Release|Any CPU.ActiveCfg = Release|Any CPU
		{B83AF5D8-AF8B-4FE4-8757-349497E9C100}.Release|Any CPU.Build.0 = Release|Any CPU
		{4C7BA730-2BDF-44B3-8E2D-B528FB5163AD}.Debug|Any CPU.ActiveCfg = Debug|Any CPU
		{4C7BA730-2BDF-44B3-8E2D-B528FB5163AD}.Debug|Any CPU.Build.0 = Debug|Any CPU
		{4C7BA730-2BDF-44B3-8E2D-B528FB5163AD}.Release|Any CPU.ActiveCfg = Release|Any CPU
		{4C7BA730-2BDF-44B3-8E2D-B528FB5163AD}.Release|Any CPU.Build.0 = Release|Any CPU
		{DD06360B-75BF-47D7-B9EC-7424DA808688}.Debug|Any CPU.ActiveCfg = Debug|Any CPU
		{DD06360B-75BF-47D7-B9EC-7424DA808688}.Debug|Any CPU.Build.0 = Debug|Any CPU
		{DD06360B-75BF-47D7-B9EC-7424DA808688}.Release|Any CPU.ActiveCfg = Release|Any CPU
		{DD06360B-75BF-47D7-B9EC-7424DA808688}.Release|Any CPU.Build.0 = Release|Any CPU
		{63AB69A1-59C1-487B-96DC-5D8C7AAC146C}.Debug|Any CPU.ActiveCfg = Debug|Any CPU
		{63AB69A1-59C1-487B-96DC-5D8C7AAC146C}.Debug|Any CPU.Build.0 = Debug|Any CPU
		{63AB69A1-59C1-487B-96DC-5D8C7AAC146C}.Release|Any CPU.ActiveCfg = Release|Any CPU
		{63AB69A1-59C1-487B-96DC-5D8C7AAC146C}.Release|Any CPU.Build.0 = Release|Any CPU
	EndGlobalSection
	GlobalSection(SolutionProperties) = preSolution
		HideSolutionNode = FALSE
	EndGlobalSection
	GlobalSection(ExtensibilityGlobals) = postSolution
		SolutionGuid = {80821AB3-7066-466F-83EF-7633EC37EF62}
	EndGlobalSection
EndGlobal
